// !$*UTF8*$!
{
	archiveVersion = 1;
	classes = {
	};
	objectVersion = 55;
	objects = {

/* Begin PBXBuildFile section */
		174C268329030F00009B75DC /* SquareImage.swift in Sources */ = {isa = PBXBuildFile; fileRef = 174C268129030F00009B75DC /* SquareImage.swift */; };
		174C268429030F00009B75DC /* ButtonLabel.swift in Sources */ = {isa = PBXBuildFile; fileRef = 174C268229030F00009B75DC /* ButtonLabel.swift */; };
		174C268729031A74009B75DC /* ARDetailsView.swift in Sources */ = {isa = PBXBuildFile; fileRef = 174C268629031A74009B75DC /* ARDetailsView.swift */; };
		174C268A29031C7F009B75DC /* DemoInfos.json in Resources */ = {isa = PBXBuildFile; fileRef = 174C268929031C7F009B75DC /* DemoInfos.json */; };
		174C268C29032D34009B75DC /* FurnitureStore.swift in Sources */ = {isa = PBXBuildFile; fileRef = 174C268B29032D34009B75DC /* FurnitureStore.swift */; };
		178D64E928F2E56400FE642C /* DemoInfo.swift in Sources */ = {isa = PBXBuildFile; fileRef = 178D64E828F2E56400FE642C /* DemoInfo.swift */; };
		178D6C882907CEBA00328413 /* Measurements.swift in Sources */ = {isa = PBXBuildFile; fileRef = 178D6C872907CEBA00328413 /* Measurements.swift */; };
		178D6C8A2907DA6000328413 /* MeasureCoordinator.swift in Sources */ = {isa = PBXBuildFile; fileRef = 178D6C892907DA6000328413 /* MeasureCoordinator.swift */; };
		1790E17928F0C7C800220348 /* ARModels.swift in Sources */ = {isa = PBXBuildFile; fileRef = 1790E17828F0C7C800220348 /* ARModels.swift */; };
		1790E17F28F189ED00220348 /* RealityKitDisplay.swift in Sources */ = {isa = PBXBuildFile; fileRef = 1790E17E28F189ED00220348 /* RealityKitDisplay.swift */; };
		17A7316628C3448B008D4C25 /* ContentView.swift in Sources */ = {isa = PBXBuildFile; fileRef = 17A7316528C3448B008D4C25 /* ContentView.swift */; };
		17A7316828C3448B008D4C25 /* Experience.rcproject in Sources */ = {isa = PBXBuildFile; fileRef = 17A7316728C3448B008D4C25 /* Experience.rcproject */; };
		17A7316A28C3448C008D4C25 /* Assets.xcassets in Resources */ = {isa = PBXBuildFile; fileRef = 17A7316928C3448C008D4C25 /* Assets.xcassets */; };
		17A7316D28C3448C008D4C25 /* Preview Assets.xcassets in Resources */ = {isa = PBXBuildFile; fileRef = 17A7316C28C3448C008D4C25 /* Preview Assets.xcassets */; };
		17A7317428C36177008D4C25 /* ModelListView.swift in Sources */ = {isa = PBXBuildFile; fileRef = 17A7317328C36177008D4C25 /* ModelListView.swift */; };
		17D52D6A28C3A38D00EEE603 /* FurnitureCoordinator.swift in Sources */ = {isa = PBXBuildFile; fileRef = 17D52D6928C3A38D00EEE603 /* FurnitureCoordinator.swift */; };
		17D52D6C28C498C000EEE603 /* Extension.swift in Sources */ = {isa = PBXBuildFile; fileRef = 17D52D6B28C498C000EEE603 /* Extension.swift */; };
		17DD56FC29006BCD00994838 /* ARMainMenuView.swift in Sources */ = {isa = PBXBuildFile; fileRef = 17DD56F929006BCD00994838 /* ARMainMenuView.swift */; };
		17DD56FD29006BCD00994838 /* DemoDescriptionView.swift in Sources */ = {isa = PBXBuildFile; fileRef = 17DD56FA29006BCD00994838 /* DemoDescriptionView.swift */; };
		17DD56FF29006D4300994838 /* LoadDemoModels.swift in Sources */ = {isa = PBXBuildFile; fileRef = 17DD56FE29006D4300994838 /* LoadDemoModels.swift */; };
		17F4CCC92906F61800691BF4 /* PlaceObjects.swift in Sources */ = {isa = PBXBuildFile; fileRef = 17F4CCC82906F61800691BF4 /* PlaceObjects.swift */; };
		17F4CCCB2907141A00691BF4 /* PlaceObjectsCoordinator.swift in Sources */ = {isa = PBXBuildFile; fileRef = 17F4CCCA2907141A00691BF4 /* PlaceObjectsCoordinator.swift */; };
/* End PBXBuildFile section */

/* Begin PBXFileReference section */
		174C268129030F00009B75DC /* SquareImage.swift */ = {isa = PBXFileReference; fileEncoding = 4; lastKnownFileType = sourcecode.swift; path = SquareImage.swift; sourceTree = "<group>"; };
		174C268229030F00009B75DC /* ButtonLabel.swift */ = {isa = PBXFileReference; fileEncoding = 4; lastKnownFileType = sourcecode.swift; path = ButtonLabel.swift; sourceTree = "<group>"; };
		174C268629031A74009B75DC /* ARDetailsView.swift */ = {isa = PBXFileReference; fileEncoding = 4; lastKnownFileType = sourcecode.swift; path = ARDetailsView.swift; sourceTree = "<group>"; };
		174C268929031C7F009B75DC /* DemoInfos.json */ = {isa = PBXFileReference; fileEncoding = 4; lastKnownFileType = text.json; path = DemoInfos.json; sourceTree = "<group>"; };
		174C268B29032D34009B75DC /* FurnitureStore.swift */ = {isa = PBXFileReference; lastKnownFileType = sourcecode.swift; path = FurnitureStore.swift; sourceTree = "<group>"; };
		178D64E828F2E56400FE642C /* DemoInfo.swift */ = {isa = PBXFileReference; lastKnownFileType = sourcecode.swift; path = DemoInfo.swift; sourceTree = "<group>"; };
		178D6C872907CEBA00328413 /* Measurements.swift */ = {isa = PBXFileReference; lastKnownFileType = sourcecode.swift; path = Measurements.swift; sourceTree = "<group>"; };
		178D6C892907DA6000328413 /* MeasureCoordinator.swift */ = {isa = PBXFileReference; lastKnownFileType = sourcecode.swift; path = MeasureCoordinator.swift; sourceTree = "<group>"; };
		1790E17828F0C7C800220348 /* ARModels.swift */ = {isa = PBXFileReference; lastKnownFileType = sourcecode.swift; path = ARModels.swift; sourceTree = "<group>"; };
		1790E17E28F189ED00220348 /* RealityKitDisplay.swift */ = {isa = PBXFileReference; lastKnownFileType = sourcecode.swift; path = RealityKitDisplay.swift; sourceTree = "<group>"; };
		17A7316028C3448B008D4C25 /* RealityKitDisplay.app */ = {isa = PBXFileReference; explicitFileType = wrapper.application; includeInIndex = 0; path = RealityKitDisplay.app; sourceTree = BUILT_PRODUCTS_DIR; };
		17A7316528C3448B008D4C25 /* ContentView.swift */ = {isa = PBXFileReference; lastKnownFileType = sourcecode.swift; path = ContentView.swift; sourceTree = "<group>"; };
		17A7316728C3448B008D4C25 /* Experience.rcproject */ = {isa = PBXFileReference; lastKnownFileType = file.rcproject; path = Experience.rcproject; sourceTree = "<group>"; };
		17A7316928C3448C008D4C25 /* Assets.xcassets */ = {isa = PBXFileReference; lastKnownFileType = folder.assetcatalog; path = Assets.xcassets; sourceTree = "<group>"; };
		17A7316C28C3448C008D4C25 /* Preview Assets.xcassets */ = {isa = PBXFileReference; lastKnownFileType = folder.assetcatalog; path = "Preview Assets.xcassets"; sourceTree = "<group>"; };
		17A7317328C36177008D4C25 /* ModelListView.swift */ = {isa = PBXFileReference; lastKnownFileType = sourcecode.swift; path = ModelListView.swift; sourceTree = "<group>"; };
		17D52D6928C3A38D00EEE603 /* FurnitureCoordinator.swift */ = {isa = PBXFileReference; lastKnownFileType = sourcecode.swift; path = FurnitureCoordinator.swift; sourceTree = "<group>"; };
		17D52D6B28C498C000EEE603 /* Extension.swift */ = {isa = PBXFileReference; lastKnownFileType = sourcecode.swift; path = Extension.swift; sourceTree = "<group>"; };
		17DD56F929006BCD00994838 /* ARMainMenuView.swift */ = {isa = PBXFileReference; fileEncoding = 4; lastKnownFileType = sourcecode.swift; path = ARMainMenuView.swift; sourceTree = "<group>"; };
		17DD56FA29006BCD00994838 /* DemoDescriptionView.swift */ = {isa = PBXFileReference; fileEncoding = 4; lastKnownFileType = sourcecode.swift; path = DemoDescriptionView.swift; sourceTree = "<group>"; };
		17DD56FE29006D4300994838 /* LoadDemoModels.swift */ = {isa = PBXFileReference; fileEncoding = 4; lastKnownFileType = sourcecode.swift; path = LoadDemoModels.swift; sourceTree = "<group>"; };
		17F4CCC82906F61800691BF4 /* PlaceObjects.swift */ = {isa = PBXFileReference; lastKnownFileType = sourcecode.swift; path = PlaceObjects.swift; sourceTree = "<group>"; };
		17F4CCCA2907141A00691BF4 /* PlaceObjectsCoordinator.swift */ = {isa = PBXFileReference; lastKnownFileType = sourcecode.swift; path = PlaceObjectsCoordinator.swift; sourceTree = "<group>"; };
/* End PBXFileReference section */

/* Begin PBXFrameworksBuildPhase section */
		17A7315D28C3448B008D4C25 /* Frameworks */ = {
			isa = PBXFrameworksBuildPhase;
			buildActionMask = 2147483647;
			files = (
			);
			runOnlyForDeploymentPostprocessing = 0;
		};
/* End PBXFrameworksBuildPhase section */

/* Begin PBXGroup section */
		174C268029030DCE009B75DC /* Utility */ = {
			isa = PBXGroup;
			children = (
				174C268229030F00009B75DC /* ButtonLabel.swift */,
				174C268129030F00009B75DC /* SquareImage.swift */,
			);
			path = Utility;
			sourceTree = "<group>";
		};
		174C268829031C63009B75DC /* Resources */ = {
			isa = PBXGroup;
			children = (
				174C268929031C7F009B75DC /* DemoInfos.json */,
			);
			path = Resources;
			sourceTree = "<group>";
		};
		1790E17728F0C7BB00220348 /* Model */ = {
			isa = PBXGroup;
			children = (
				17DD56FE29006D4300994838 /* LoadDemoModels.swift */,
				1790E17828F0C7C800220348 /* ARModels.swift */,
				178D64E828F2E56400FE642C /* DemoInfo.swift */,
			);
			path = Model;
			sourceTree = "<group>";
		};
		1790E17A28F1896B00220348 /* ARViews */ = {
			isa = PBXGroup;
			children = (
				17D52D6928C3A38D00EEE603 /* FurnitureCoordinator.swift */,
				17A7316528C3448B008D4C25 /* ContentView.swift */,
				174C268B29032D34009B75DC /* FurnitureStore.swift */,
				17F4CCC82906F61800691BF4 /* PlaceObjects.swift */,
				17F4CCCA2907141A00691BF4 /* PlaceObjectsCoordinator.swift */,
				178D6C872907CEBA00328413 /* Measurements.swift */,
				178D6C892907DA6000328413 /* MeasureCoordinator.swift */,
			);
			path = ARViews;
			sourceTree = "<group>";
		};
		1790E17B28F1897900220348 /* UIViews */ = {
			isa = PBXGroup;
			children = (
				174C268629031A74009B75DC /* ARDetailsView.swift */,
				17DD56F929006BCD00994838 /* ARMainMenuView.swift */,
				17DD56FA29006BCD00994838 /* DemoDescriptionView.swift */,
			);
			path = UIViews;
			sourceTree = "<group>";
		};
		17A7315728C3448B008D4C25 = {
			isa = PBXGroup;
			children = (
				17A7316228C3448B008D4C25 /* RealityKitDisplay */,
				17A7316128C3448B008D4C25 /* Products */,
			);
			sourceTree = "<group>";
		};
		17A7316128C3448B008D4C25 /* Products */ = {
			isa = PBXGroup;
			children = (
				17A7316028C3448B008D4C25 /* RealityKitDisplay.app */,
			);
			name = Products;
			sourceTree = "<group>";
		};
		17A7316228C3448B008D4C25 /* RealityKitDisplay */ = {
			isa = PBXGroup;
			children = (
				174C268829031C63009B75DC /* Resources */,
				174C268029030DCE009B75DC /* Utility */,
				1790E17B28F1897900220348 /* UIViews */,
				1790E17A28F1896B00220348 /* ARViews */,
				1790E17728F0C7BB00220348 /* Model */,
				1790E17E28F189ED00220348 /* RealityKitDisplay.swift */,
				17D52D6B28C498C000EEE603 /* Extension.swift */,
				17A7317328C36177008D4C25 /* ModelListView.swift */,
				17A7316728C3448B008D4C25 /* Experience.rcproject */,
				17A7316928C3448C008D4C25 /* Assets.xcassets */,
				17A7316B28C3448C008D4C25 /* Preview Content */,
			);
			path = RealityKitDisplay;
			sourceTree = "<group>";
		};
		17A7316B28C3448C008D4C25 /* Preview Content */ = {
			isa = PBXGroup;
			children = (
				17A7316C28C3448C008D4C25 /* Preview Assets.xcassets */,
			);
			path = "Preview Content";
			sourceTree = "<group>";
		};
/* End PBXGroup section */

/* Begin PBXNativeTarget section */
		17A7315F28C3448B008D4C25 /* RealityKitDisplay */ = {
			isa = PBXNativeTarget;
			buildConfigurationList = 17A7317028C3448C008D4C25 /* Build configuration list for PBXNativeTarget "RealityKitDisplay" */;
			buildPhases = (
				17A7315C28C3448B008D4C25 /* Sources */,
				17A7315D28C3448B008D4C25 /* Frameworks */,
				17A7315E28C3448B008D4C25 /* Resources */,
			);
			buildRules = (
			);
			dependencies = (
			);
			name = RealityKitDisplay;
			productName = RealityKitDisplay;
			productReference = 17A7316028C3448B008D4C25 /* RealityKitDisplay.app */;
			productType = "com.apple.product-type.application";
		};
/* End PBXNativeTarget section */

/* Begin PBXProject section */
		17A7315828C3448B008D4C25 /* Project object */ = {
			isa = PBXProject;
			attributes = {
				BuildIndependentTargetsInParallel = 1;
				LastSwiftUpdateCheck = 1330;
				LastUpgradeCheck = 1330;
				TargetAttributes = {
					17A7315F28C3448B008D4C25 = {
						CreatedOnToolsVersion = 13.3;
					};
				};
			};
			buildConfigurationList = 17A7315B28C3448B008D4C25 /* Build configuration list for PBXProject "RealityKitDisplay" */;
			compatibilityVersion = "Xcode 13.0";
			developmentRegion = en;
			hasScannedForEncodings = 0;
			knownRegions = (
				en,
				Base,
			);
			mainGroup = 17A7315728C3448B008D4C25;
			productRefGroup = 17A7316128C3448B008D4C25 /* Products */;
			projectDirPath = "";
			projectRoot = "";
			targets = (
				17A7315F28C3448B008D4C25 /* RealityKitDisplay */,
			);
		};
/* End PBXProject section */

/* Begin PBXResourcesBuildPhase section */
		17A7315E28C3448B008D4C25 /* Resources */ = {
			isa = PBXResourcesBuildPhase;
			buildActionMask = 2147483647;
			files = (
				17A7316D28C3448C008D4C25 /* Preview Assets.xcassets in Resources */,
				17A7316A28C3448C008D4C25 /* Assets.xcassets in Resources */,
				174C268A29031C7F009B75DC /* DemoInfos.json in Resources */,
			);
			runOnlyForDeploymentPostprocessing = 0;
		};
/* End PBXResourcesBuildPhase section */

/* Begin PBXSourcesBuildPhase section */
		17A7315C28C3448B008D4C25 /* Sources */ = {
			isa = PBXSourcesBuildPhase;
			buildActionMask = 2147483647;
			files = (
				17F4CCC92906F61800691BF4 /* PlaceObjects.swift in Sources */,
				174C268C29032D34009B75DC /* FurnitureStore.swift in Sources */,
				174C268329030F00009B75DC /* SquareImage.swift in Sources */,
				17F4CCCB2907141A00691BF4 /* PlaceObjectsCoordinator.swift in Sources */,
				178D64E928F2E56400FE642C /* DemoInfo.swift in Sources */,
				178D6C8A2907DA6000328413 /* MeasureCoordinator.swift in Sources */,
				1790E17928F0C7C800220348 /* ARModels.swift in Sources */,
				178D6C882907CEBA00328413 /* Measurements.swift in Sources */,
				17A7316628C3448B008D4C25 /* ContentView.swift in Sources */,
				17DD56FD29006BCD00994838 /* DemoDescriptionView.swift in Sources */,
				1790E17F28F189ED00220348 /* RealityKitDisplay.swift in Sources */,
				174C268429030F00009B75DC /* ButtonLabel.swift in Sources */,
				174C268729031A74009B75DC /* ARDetailsView.swift in Sources */,
				17D52D6A28C3A38D00EEE603 /* FurnitureCoordinator.swift in Sources */,
				17D52D6C28C498C000EEE603 /* Extension.swift in Sources */,
				17A7317428C36177008D4C25 /* ModelListView.swift in Sources */,
				17DD56FF29006D4300994838 /* LoadDemoModels.swift in Sources */,
				17A7316828C3448B008D4C25 /* Experience.rcproject in Sources */,
				17DD56FC29006BCD00994838 /* ARMainMenuView.swift in Sources */,
			);
			runOnlyForDeploymentPostprocessing = 0;
		};
/* End PBXSourcesBuildPhase section */

/* Begin XCBuildConfiguration section */
		17A7316E28C3448C008D4C25 /* Debug */ = {
			isa = XCBuildConfiguration;
			buildSettings = {
				ALWAYS_SEARCH_USER_PATHS = NO;
				CLANG_ANALYZER_NONNULL = YES;
				CLANG_ANALYZER_NUMBER_OBJECT_CONVERSION = YES_AGGRESSIVE;
				CLANG_CXX_LANGUAGE_STANDARD = "gnu++17";
				CLANG_ENABLE_MODULES = YES;
				CLANG_ENABLE_OBJC_ARC = YES;
				CLANG_ENABLE_OBJC_WEAK = YES;
				CLANG_WARN_BLOCK_CAPTURE_AUTORELEASING = YES;
				CLANG_WARN_BOOL_CONVERSION = YES;
				CLANG_WARN_COMMA = YES;
				CLANG_WARN_CONSTANT_CONVERSION = YES;
				CLANG_WARN_DEPRECATED_OBJC_IMPLEMENTATIONS = YES;
				CLANG_WARN_DIRECT_OBJC_ISA_USAGE = YES_ERROR;
				CLANG_WARN_DOCUMENTATION_COMMENTS = YES;
				CLANG_WARN_EMPTY_BODY = YES;
				CLANG_WARN_ENUM_CONVERSION = YES;
				CLANG_WARN_INFINITE_RECURSION = YES;
				CLANG_WARN_INT_CONVERSION = YES;
				CLANG_WARN_NON_LITERAL_NULL_CONVERSION = YES;
				CLANG_WARN_OBJC_IMPLICIT_RETAIN_SELF = YES;
				CLANG_WARN_OBJC_LITERAL_CONVERSION = YES;
				CLANG_WARN_OBJC_ROOT_CLASS = YES_ERROR;
				CLANG_WARN_QUOTED_INCLUDE_IN_FRAMEWORK_HEADER = YES;
				CLANG_WARN_RANGE_LOOP_ANALYSIS = YES;
				CLANG_WARN_STRICT_PROTOTYPES = YES;
				CLANG_WARN_SUSPICIOUS_MOVE = YES;
				CLANG_WARN_UNGUARDED_AVAILABILITY = YES_AGGRESSIVE;
				CLANG_WARN_UNREACHABLE_CODE = YES;
				CLANG_WARN__DUPLICATE_METHOD_MATCH = YES;
				COPY_PHASE_STRIP = NO;
				DEBUG_INFORMATION_FORMAT = dwarf;
				ENABLE_STRICT_OBJC_MSGSEND = YES;
				ENABLE_TESTABILITY = YES;
				GCC_C_LANGUAGE_STANDARD = gnu11;
				GCC_DYNAMIC_NO_PIC = NO;
				GCC_NO_COMMON_BLOCKS = YES;
				GCC_OPTIMIZATION_LEVEL = 0;
				GCC_PREPROCESSOR_DEFINITIONS = (
					"DEBUG=1",
					"$(inherited)",
				);
				GCC_WARN_64_TO_32_BIT_CONVERSION = YES;
				GCC_WARN_ABOUT_RETURN_TYPE = YES_ERROR;
				GCC_WARN_UNDECLARED_SELECTOR = YES;
				GCC_WARN_UNINITIALIZED_AUTOS = YES_AGGRESSIVE;
				GCC_WARN_UNUSED_FUNCTION = YES;
				GCC_WARN_UNUSED_VARIABLE = YES;
				IPHONEOS_DEPLOYMENT_TARGET = 15.4;
				MTL_ENABLE_DEBUG_INFO = INCLUDE_SOURCE;
				MTL_FAST_MATH = YES;
				ONLY_ACTIVE_ARCH = YES;
				SDKROOT = iphoneos;
				SWIFT_ACTIVE_COMPILATION_CONDITIONS = DEBUG;
				SWIFT_OPTIMIZATION_LEVEL = "-Onone";
			};
			name = Debug;
		};
		17A7316F28C3448C008D4C25 /* Release */ = {
			isa = XCBuildConfiguration;
			buildSettings = {
				ALWAYS_SEARCH_USER_PATHS = NO;
				CLANG_ANALYZER_NONNULL = YES;
				CLANG_ANALYZER_NUMBER_OBJECT_CONVERSION = YES_AGGRESSIVE;
				CLANG_CXX_LANGUAGE_STANDARD = "gnu++17";
				CLANG_ENABLE_MODULES = YES;
				CLANG_ENABLE_OBJC_ARC = YES;
				CLANG_ENABLE_OBJC_WEAK = YES;
				CLANG_WARN_BLOCK_CAPTURE_AUTORELEASING = YES;
				CLANG_WARN_BOOL_CONVERSION = YES;
				CLANG_WARN_COMMA = YES;
				CLANG_WARN_CONSTANT_CONVERSION = YES;
				CLANG_WARN_DEPRECATED_OBJC_IMPLEMENTATIONS = YES;
				CLANG_WARN_DIRECT_OBJC_ISA_USAGE = YES_ERROR;
				CLANG_WARN_DOCUMENTATION_COMMENTS = YES;
				CLANG_WARN_EMPTY_BODY = YES;
				CLANG_WARN_ENUM_CONVERSION = YES;
				CLANG_WARN_INFINITE_RECURSION = YES;
				CLANG_WARN_INT_CONVERSION = YES;
				CLANG_WARN_NON_LITERAL_NULL_CONVERSION = YES;
				CLANG_WARN_OBJC_IMPLICIT_RETAIN_SELF = YES;
				CLANG_WARN_OBJC_LITERAL_CONVERSION = YES;
				CLANG_WARN_OBJC_ROOT_CLASS = YES_ERROR;
				CLANG_WARN_QUOTED_INCLUDE_IN_FRAMEWORK_HEADER = YES;
				CLANG_WARN_RANGE_LOOP_ANALYSIS = YES;
				CLANG_WARN_STRICT_PROTOTYPES = YES;
				CLANG_WARN_SUSPICIOUS_MOVE = YES;
				CLANG_WARN_UNGUARDED_AVAILABILITY = YES_AGGRESSIVE;
				CLANG_WARN_UNREACHABLE_CODE = YES;
				CLANG_WARN__DUPLICATE_METHOD_MATCH = YES;
				COPY_PHASE_STRIP = NO;
				DEBUG_INFORMATION_FORMAT = "dwarf-with-dsym";
				ENABLE_NS_ASSERTIONS = NO;
				ENABLE_STRICT_OBJC_MSGSEND = YES;
				GCC_C_LANGUAGE_STANDARD = gnu11;
				GCC_NO_COMMON_BLOCKS = YES;
				GCC_WARN_64_TO_32_BIT_CONVERSION = YES;
				GCC_WARN_ABOUT_RETURN_TYPE = YES_ERROR;
				GCC_WARN_UNDECLARED_SELECTOR = YES;
				GCC_WARN_UNINITIALIZED_AUTOS = YES_AGGRESSIVE;
				GCC_WARN_UNUSED_FUNCTION = YES;
				GCC_WARN_UNUSED_VARIABLE = YES;
				IPHONEOS_DEPLOYMENT_TARGET = 15.4;
				MTL_ENABLE_DEBUG_INFO = NO;
				MTL_FAST_MATH = YES;
				SDKROOT = iphoneos;
				SWIFT_COMPILATION_MODE = wholemodule;
				SWIFT_OPTIMIZATION_LEVEL = "-O";
				VALIDATE_PRODUCT = YES;
			};
			name = Release;
		};
		17A7317128C3448C008D4C25 /* Debug */ = {
			isa = XCBuildConfiguration;
			buildSettings = {
				ASSETCATALOG_COMPILER_APPICON_NAME = AppIcon;
				ASSETCATALOG_COMPILER_GLOBAL_ACCENT_COLOR_NAME = AccentColor;
				CODE_SIGN_STYLE = Automatic;
				CURRENT_PROJECT_VERSION = 1;
				DEVELOPMENT_ASSET_PATHS = "\"RealityKitDisplay/Preview Content\"";
				DEVELOPMENT_TEAM = U297ZV4368;
				ENABLE_PREVIEWS = YES;
				GENERATE_INFOPLIST_FILE = YES;
				INFOPLIST_KEY_NSCameraUsageDescription = "";
				INFOPLIST_KEY_UIApplicationSupportsIndirectInputEvents = YES;
				INFOPLIST_KEY_UILaunchScreen_Generation = YES;
				INFOPLIST_KEY_UIRequiredDeviceCapabilities = arkit;
				INFOPLIST_KEY_UIStatusBarHidden = YES;
				INFOPLIST_KEY_UISupportedInterfaceOrientations_iPad = "UIInterfaceOrientationPortrait UIInterfaceOrientationPortraitUpsideDown UIInterfaceOrientationLandscapeLeft UIInterfaceOrientationLandscapeRight";
				INFOPLIST_KEY_UISupportedInterfaceOrientations_iPhone = "UIInterfaceOrientationPortrait UIInterfaceOrientationLandscapeLeft UIInterfaceOrientationLandscapeRight";
				LD_RUNPATH_SEARCH_PATHS = (
					"$(inherited)",
					"@executable_path/Frameworks",
				);
				MARKETING_VERSION = 1.0;
				PRODUCT_BUNDLE_IDENTIFIER = com.yukun.RealityKitDisplay;
				PRODUCT_NAME = "$(TARGET_NAME)";
				SWIFT_EMIT_LOC_STRINGS = YES;
				SWIFT_VERSION = 5.0;
				TARGETED_DEVICE_FAMILY = "1,2";
			};
			name = Debug;
		};
		17A7317228C3448C008D4C25 /* Release */ = {
			isa = XCBuildConfiguration;
			buildSettings = {
				ASSETCATALOG_COMPILER_APPICON_NAME = AppIcon;
				ASSETCATALOG_COMPILER_GLOBAL_ACCENT_COLOR_NAME = AccentColor;
				CODE_SIGN_STYLE = Automatic;
				CURRENT_PROJECT_VERSION = 1;
				DEVELOPMENT_ASSET_PATHS = "\"RealityKitDisplay/Preview Content\"";
				DEVELOPMENT_TEAM = U297ZV4368;
				ENABLE_PREVIEWS = YES;
				GENERATE_INFOPLIST_FILE = YES;
				INFOPLIST_KEY_NSCameraUsageDescription = "";
				INFOPLIST_KEY_UIApplicationSupportsIndirectInputEvents = YES;
				INFOPLIST_KEY_UILaunchScreen_Generation = YES;
				INFOPLIST_KEY_UIRequiredDeviceCapabilities = arkit;
				INFOPLIST_KEY_UIStatusBarHidden = YES;
				INFOPLIST_KEY_UISupportedInterfaceOrientations_iPad = "UIInterfaceOrientationPortrait UIInterfaceOrientationPortraitUpsideDown UIInterfaceOrientationLandscapeLeft UIInterfaceOrientationLandscapeRight";
				INFOPLIST_KEY_UISupportedInterfaceOrientations_iPhone = "UIInterfaceOrientationPortrait UIInterfaceOrientationLandscapeLeft UIInterfaceOrientationLandscapeRight";
				LD_RUNPATH_SEARCH_PATHS = (
					"$(inherited)",
					"@executable_path/Frameworks",
				);
				MARKETING_VERSION = 1.0;
				PRODUCT_BUNDLE_IDENTIFIER = com.yukun.RealityKitDisplay;
				PRODUCT_NAME = "$(TARGET_NAME)";
				SWIFT_EMIT_LOC_STRINGS = YES;
				SWIFT_VERSION = 5.0;
				TARGETED_DEVICE_FAMILY = "1,2";
			};
			name = Release;
		};
/* End XCBuildConfiguration section */

/* Begin XCConfigurationList section */
		17A7315B28C3448B008D4C25 /* Build configuration list for PBXProject "RealityKitDisplay" */ = {
			isa = XCConfigurationList;
			buildConfigurations = (
				17A7316E28C3448C008D4C25 /* Debug */,
				17A7316F28C3448C008D4C25 /* Release */,
			);
			defaultConfigurationIsVisible = 0;
			defaultConfigurationName = Release;
		};
		17A7317028C3448C008D4C25 /* Build configuration list for PBXNativeTarget "RealityKitDisplay" */ = {
			isa = XCConfigurationList;
			buildConfigurations = (
				17A7317128C3448C008D4C25 /* Debug */,
				17A7317228C3448C008D4C25 /* Release */,
			);
			defaultConfigurationIsVisible = 0;
			defaultConfigurationName = Release;
		};
/* End XCConfigurationList section */
	};
	rootObject = 17A7315828C3448B008D4C25 /* Project object */;
}
